
Microsoft Visual Studio Solution File, Format Version 12.00
# Visual Studio Version 17
VisualStudioVersion = 17.9.34714.143
MinimumVisualStudioVersion = 10.0.40219.1
Project("{FAE04EC0-301F-11D3-BF4B-00C04F79EFBC}") = "PresenceTabMalik", "PresenceTabMalik\PresenceTabMalik.csproj", "{19D8BE07-7246-46B4-BD7C-49264998C9F5}"
EndProject
Global
	GlobalSection(SolutionConfigurationPlatforms) = preSolution
		Debug|Any CPU = Debug|Any CPU
		Release|Any CPU = Release|Any CPU
	EndGlobalSection
	GlobalSection(ProjectConfigurationPlatforms) = postSolution
		{19D8BE07-7246-46B4-BD7C-49264998C9F5}.Debug|Any CPU.ActiveCfg = Debug|Any CPU
		{19D8BE07-7246-46B4-BD7C-49264998C9F5}.Debug|Any CPU.Build.0 = Debug|Any CPU
		{19D8BE07-7246-46B4-BD7C-49264998C9F5}.Release|Any CPU.ActiveCfg = Release|Any CPU
		{19D8BE07-7246-46B4-BD7C-49264998C9F5}.Release|Any CPU.Build.0 = Release|Any CPU
	EndGlobalSection
	GlobalSection(SolutionProperties) = preSolution
		HideSolutionNode = FALSE
	EndGlobalSection
	GlobalSection(ExtensibilityGlobals) = postSolution
		SolutionGuid = {9CBB3C7E-B2AF-44C4-97E6-92397A85EE8B}
	EndGlobalSection
EndGlobal
